
Microsoft Visual Studio Solution File, Format Version 12.00
# Visual Studio 2012
Project("{8BC9CEB8-8B4A-11D0-8D11-00A0C91BC942}") = "jzmq", "jzmq\jzmq.vcxproj", "{D4FC8AD4-EB3C-46AA-A67B-90D290A024F1}"
EndProject
Project("{8BC9CEB8-8B4A-11D0-8D11-00A0C91BC942}") = "local_lat", "local_lat\local_lat.vcxproj", "{6E023743-6824-46E4-A7E2-F9CEAD0D8A1D}"
EndProject
Project("{8BC9CEB8-8B4A-11D0-8D11-00A0C91BC942}") = "remote_lat", "remote_lat\remote_lat.vcxproj", "{A5D76DBB-258B-4A1D-8843-4E133E456245}"
EndProject
Project("{8BC9CEB8-8B4A-11D0-8D11-00A0C91BC942}") = "local_thr", "local_thr\local_thr.vcxproj", "{BA759269-B4F7-44EA-82D3-BE69FACAE8E8}"
EndProject
Project("{8BC9CEB8-8B4A-11D0-8D11-00A0C91BC942}") = "remote_thr", "remote_thr\remote_thr.vcxproj", "{D1423DF1-C423-4C85-916D-B5E9F1445931}"
EndProject
Global
	GlobalSection(SolutionConfigurationPlatforms) = preSolution
		Debug|Win32 = Debug|Win32
		Debug|x64 = Debug|x64
		Release|Win32 = Release|Win32
		Release|x64 = Release|x64
	EndGlobalSection
	GlobalSection(ProjectConfigurationPlatforms) = postSolution
		{D4FC8AD4-EB3C-46AA-A67B-90D290A024F1}.Debug|Win32.ActiveCfg = Release|x64
		{D4FC8AD4-EB3C-46AA-A67B-90D290A024F1}.Debug|Win32.Build.0 = Release|x64
		{D4FC8AD4-EB3C-46AA-A67B-90D290A024F1}.Debug|x64.ActiveCfg = Debug|x64
		{D4FC8AD4-EB3C-46AA-A67B-90D290A024F1}.Debug|x64.Build.0 = Debug|x64
		{D4FC8AD4-EB3C-46AA-A67B-90D290A024F1}.Release|Win32.ActiveCfg = Release|Win32
		{D4FC8AD4-EB3C-46AA-A67B-90D290A024F1}.Release|Win32.Build.0 = Release|Win32
		{D4FC8AD4-EB3C-46AA-A67B-90D290A024F1}.Release|x64.ActiveCfg = Release|x64
		{D4FC8AD4-EB3C-46AA-A67B-90D290A024F1}.Release|x64.Build.0 = Release|x64
		{6E023743-6824-46E4-A7E2-F9CEAD0D8A1D}.Debug|Win32.ActiveCfg = Release|Win32
		{6E023743-6824-46E4-A7E2-F9CEAD0D8A1D}.Debug|Win32.Build.0 = Release|Win32
		{6E023743-6824-46E4-A7E2-F9CEAD0D8A1D}.Debug|x64.ActiveCfg = Debug|x64
		{6E023743-6824-46E4-A7E2-F9CEAD0D8A1D}.Debug|x64.Build.0 = Debug|x64
		{6E023743-6824-46E4-A7E2-F9CEAD0D8A1D}.Release|Win32.ActiveCfg = Release|Win32
		{6E023743-6824-46E4-A7E2-F9CEAD0D8A1D}.Release|Win32.Build.0 = Release|Win32
		{6E023743-6824-46E4-A7E2-F9CEAD0D8A1D}.Release|x64.ActiveCfg = Release|x64
		{6E023743-6824-46E4-A7E2-F9CEAD0D8A1D}.Release|x64.Build.0 = Release|x64
		{A5D76DBB-258B-4A1D-8843-4E133E456245}.Debug|Win32.ActiveCfg = Release|Win32
		{A5D76DBB-258B-4A1D-8843-4E133E456245}.Debug|Win32.Build.0 = Release|Win32
		{A5D76DBB-258B-4A1D-8843-4E133E456245}.Debug|x64.ActiveCfg = Debug|x64
		{A5D76DBB-258B-4A1D-8843-4E133E456245}.Debug|x64.Build.0 = Debug|x64
		{A5D76DBB-258B-4A1D-8843-4E133E456245}.Release|Win32.ActiveCfg = Release|Win32
		{A5D76DBB-258B-4A1D-8843-4E133E456245}.Release|Win32.Build.0 = Release|Win32
		{A5D76DBB-258B-4A1D-8843-4E133E456245}.Release|x64.ActiveCfg = Release|x64
		{A5D76DBB-258B-4A1D-8843-4E133E456245}.Release|x64.Build.0 = Release|x64
		{BA759269-B4F7-44EA-82D3-BE69FACAE8E8}.Debug|Win32.ActiveCfg = Release|Win32
		{BA759269-B4F7-44EA-82D3-BE69FACAE8E8}.Debug|Win32.Build.0 = Release|Win32
		{BA759269-B4F7-44EA-82D3-BE69FACAE8E8}.Debug|x64.ActiveCfg = Debug|x64
		{BA759269-B4F7-44EA-82D3-BE69FACAE8E8}.Debug|x64.Build.0 = Debug|x64
		{BA759269-B4F7-44EA-82D3-BE69FACAE8E8}.Release|Win32.ActiveCfg = Release|Win32
		{BA759269-B4F7-44EA-82D3-BE69FACAE8E8}.Release|Win32.Build.0 = Release|Win32
		{BA759269-B4F7-44EA-82D3-BE69FACAE8E8}.Release|x64.ActiveCfg = Release|x64
		{BA759269-B4F7-44EA-82D3-BE69FACAE8E8}.Release|x64.Build.0 = Release|x64
		{D1423DF1-C423-4C85-916D-B5E9F1445931}.Debug|Win32.ActiveCfg = Release|Win32
		{D1423DF1-C423-4C85-916D-B5E9F1445931}.Debug|Win32.Build.0 = Release|Win32
		{D1423DF1-C423-4C85-916D-B5E9F1445931}.Debug|x64.ActiveCfg = Debug|x64
		{D1423DF1-C423-4C85-916D-B5E9F1445931}.Debug|x64.Build.0 = Debug|x64
		{D1423DF1-C423-4C85-916D-B5E9F1445931}.Release|Win32.ActiveCfg = Release|Win32
		{D1423DF1-C423-4C85-916D-B5E9F1445931}.Release|Win32.Build.0 = Release|Win32
		{D1423DF1-C423-4C85-916D-B5E9F1445931}.Release|x64.ActiveCfg = Release|x64
		{D1423DF1-C423-4C85-916D-B5E9F1445931}.Release|x64.Build.0 = Release|x64
	EndGlobalSection
	GlobalSection(SolutionProperties) = preSolution
		HideSolutionNode = FALSE
	EndGlobalSection
EndGlobal
